
Microsoft Visual Studio Solution File, Format Version 12.00
# Visual Studio Version 17
VisualStudioVersion = 17.4.33205.214
MinimumVisualStudioVersion = 10.0.40219.1
Project("{FAE04EC0-301F-11D3-BF4B-00C04F79EFBC}") = "BSM", "BSM\BSM.csproj", "{3151DE53-50E5-4620-9B98-5D2CD0F1EC7B}"
EndProject
Global
	GlobalSection(SolutionConfigurationPlatforms) = preSolution
		Debug|Any CPU = Debug|Any CPU
		Release|Any CPU = Release|Any CPU
	EndGlobalSection
	GlobalSection(ProjectConfigurationPlatforms) = postSolution
		{3151DE53-50E5-4620-9B98-5D2CD0F1EC7B}.Debug|Any CPU.ActiveCfg = Debug|Any CPU
		{3151DE53-50E5-4620-9B98-5D2CD0F1EC7B}.Debug|Any CPU.Build.0 = Debug|Any CPU
		{3151DE53-50E5-4620-9B98-5D2CD0F1EC7B}.Release|Any CPU.ActiveCfg = Release|Any CPU
		{3151DE53-50E5-4620-9B98-5D2CD0F1EC7B}.Release|Any CPU.Build.0 = Release|Any CPU
	EndGlobalSection
	GlobalSection(SolutionProperties) = preSolution
		HideSolutionNode = FALSE
	EndGlobalSection
	GlobalSection(ExtensibilityGlobals) = postSolution
		SolutionGuid = {ABC1734D-D50C-4DC6-8C2B-5F25AEC14E26}
	EndGlobalSection
EndGlobal
