
Microsoft Visual Studio Solution File, Format Version 12.00
# Visual Studio Version 17
VisualStudioVersion = 17.4.33205.214
MinimumVisualStudioVersion = 10.0.40219.1
Project("{FAE04EC0-301F-11D3-BF4B-00C04F79EFBC}") = "first", "first\first.csproj", "{79713872-AC88-4B26-8CB3-4FD1F75B1974}"
EndProject
Global
	GlobalSection(SolutionConfigurationPlatforms) = preSolution
		Debug|Any CPU = Debug|Any CPU
		Release|Any CPU = Release|Any CPU
	EndGlobalSection
	GlobalSection(ProjectConfigurationPlatforms) = postSolution
		{79713872-AC88-4B26-8CB3-4FD1F75B1974}.Debug|Any CPU.ActiveCfg = Debug|Any CPU
		{79713872-AC88-4B26-8CB3-4FD1F75B1974}.Debug|Any CPU.Build.0 = Debug|Any CPU
		{79713872-AC88-4B26-8CB3-4FD1F75B1974}.Release|Any CPU.ActiveCfg = Release|Any CPU
		{79713872-AC88-4B26-8CB3-4FD1F75B1974}.Release|Any CPU.Build.0 = Release|Any CPU
	EndGlobalSection
	GlobalSection(SolutionProperties) = preSolution
		HideSolutionNode = FALSE
	EndGlobalSection
	GlobalSection(ExtensibilityGlobals) = postSolution
		SolutionGuid = {028BC122-2BC7-41EE-92B0-7A95AFC8B418}
	EndGlobalSection
EndGlobal
