
Microsoft Visual Studio Solution File, Format Version 12.00
# Visual Studio Version 17
VisualStudioVersion = 17.4.33205.214
MinimumVisualStudioVersion = 10.0.40219.1
Project("{FAE04EC0-301F-11D3-BF4B-00C04F79EFBC}") = "first1-2", "first1-2\first1-2.csproj", "{BCA3E48A-EB48-4952-B5C2-82610594FEFB}"
EndProject
Global
	GlobalSection(SolutionConfigurationPlatforms) = preSolution
		Debug|Any CPU = Debug|Any CPU
		Release|Any CPU = Release|Any CPU
	EndGlobalSection
	GlobalSection(ProjectConfigurationPlatforms) = postSolution
		{BCA3E48A-EB48-4952-B5C2-82610594FEFB}.Debug|Any CPU.ActiveCfg = Debug|Any CPU
		{BCA3E48A-EB48-4952-B5C2-82610594FEFB}.Debug|Any CPU.Build.0 = Debug|Any CPU
		{BCA3E48A-EB48-4952-B5C2-82610594FEFB}.Release|Any CPU.ActiveCfg = Release|Any CPU
		{BCA3E48A-EB48-4952-B5C2-82610594FEFB}.Release|Any CPU.Build.0 = Release|Any CPU
	EndGlobalSection
	GlobalSection(SolutionProperties) = preSolution
		HideSolutionNode = FALSE
	EndGlobalSection
	GlobalSection(ExtensibilityGlobals) = postSolution
		SolutionGuid = {4F58F62C-B818-45AC-85EC-3FD30C6F506E}
	EndGlobalSection
EndGlobal
